
Microsoft Visual Studio Solution File, Format Version 12.00
# Visual Studio Version 17
VisualStudioVersion = 17.5.33530.505
MinimumVisualStudioVersion = 10.0.40219.1
Project("{FAE04EC0-301F-11D3-BF4B-00C04F79EFBC}") = "OutPatientDashboard.API", "OutPatientDashboard.API.csproj", "{A267FA81-BAD6-4C8B-BECD-3C2DCD485234}"
EndProject
Global
	GlobalSection(SolutionConfigurationPlatforms) = preSolution
		Debug|Any CPU = Debug|Any CPU
		Release|Any CPU = Release|Any CPU
	EndGlobalSection
	GlobalSection(ProjectConfigurationPlatforms) = postSolution
		{A267FA81-BAD6-4C8B-BECD-3C2DCD485234}.Debug|Any CPU.ActiveCfg = Debug|Any CPU
		{A267FA81-BAD6-4C8B-BECD-3C2DCD485234}.Debug|Any CPU.Build.0 = Debug|Any CPU
		{A267FA81-BAD6-4C8B-BECD-3C2DCD485234}.Release|Any CPU.ActiveCfg = Release|Any CPU
		{A267FA81-BAD6-4C8B-BECD-3C2DCD485234}.Release|Any CPU.Build.0 = Release|Any CPU
	EndGlobalSection
	GlobalSection(SolutionProperties) = preSolution
		HideSolutionNode = FALSE
	EndGlobalSection
	GlobalSection(ExtensibilityGlobals) = postSolution
		SolutionGuid = {4ACFA3EE-D8B1-4DCB-975C-36F54B35069F}
	EndGlobalSection
EndGlobal
